
Microsoft Visual Studio Solution File, Format Version 12.00
# Visual Studio 15
VisualStudioVersion = 15.0.28307.902
MinimumVisualStudioVersion = 10.0.40219.1
Project("{FAE04EC0-301F-11D3-BF4B-00C04F79EFBC}") = "ChuyenSoThanhChu", "ChuyenSoThanhTru\ChuyenSoThanhChu.csproj", "{37210D45-99CB-475B-BCAA-3FAA54A8DB83}"
EndProject
Project("{FAE04EC0-301F-11D3-BF4B-00C04F79EFBC}") = "Bai11NullNullable", "Bai11NullNullable\Bai11NullNullable.csproj", "{15682602-CC77-4F57-AC43-8E9A72F3AB38}"
EndProject
Project("{FAE04EC0-301F-11D3-BF4B-00C04F79EFBC}") = "Bai12Mang", "Bai12Mang\Bai12Mang.csproj", "{0452AA2B-F143-4F80-9482-1B38AB8AC90A}"
EndProject
Project("{FAE04EC0-301F-11D3-BF4B-00C04F79EFBC}") = "Bai13ChuoiKyTu", "Bai13ChuoiKyTu\Bai13ChuoiKyTu.csproj", "{90DFFC71-C8EF-4A8F-B143-32F912B35443}"
EndProject
Project("{FAE04EC0-301F-11D3-BF4B-00C04F79EFBC}") = "Bai14TinhKeThua", "Bai14TinhKeThua\Bai14TinhKeThua.csproj", "{A2144A64-A8AB-470F-A497-5A301FC79715}"
EndProject
Project("{FAE04EC0-301F-11D3-BF4B-00C04F79EFBC}") = "Bai15InterfaceAbstract", "Bai15InterfaceAbstract\Bai15InterfaceAbstract.csproj", "{1D8ECBF8-2BD9-423D-9D3E-53673CBA7144}"
EndProject
Project("{FAE04EC0-301F-11D3-BF4B-00C04F79EFBC}") = "Bai16StructEnum", "Bai16StructEnum\Bai16StructEnum.csproj", "{C94FAB1D-6559-49E4-B550-EDED7D1059EA}"
EndProject
Project("{FAE04EC0-301F-11D3-BF4B-00C04F79EFBC}") = "Bai17NgoaiLeException", "Bai17NgoaiLeException\Bai17NgoaiLeException.csproj", "{2B8D489A-B183-43AE-9526-7FF8E3B01539}"
EndProject
Project("{FAE04EC0-301F-11D3-BF4B-00C04F79EFBC}") = "Bai18FileCoBan", "Bai18FileCoBan\Bai18FileCoBan.csproj", "{F459F2CC-25B2-463D-9C2F-4941925715D2}"
EndProject
Project("{FAE04EC0-301F-11D3-BF4B-00C04F79EFBC}") = "Bai19Generic", "Bai19Generic\Bai19Generic.csproj", "{C91BF00A-46DA-4FAA-9D03-8658B107DD49}"
EndProject
Project("{FAE04EC0-301F-11D3-BF4B-00C04F79EFBC}") = "Bai20Collection", "Bai20Collection\Bai20Collection.csproj", "{D831046F-DEE0-44C7-AFD7-2D2C9922931B}"
EndProject
Project("{FAE04EC0-301F-11D3-BF4B-00C04F79EFBC}") = "Bai21Extensionmethod", "Bai21Extensionmethod\Bai21Extensionmethod.csproj", "{0E8CE9AB-6B9A-4A1A-ACF2-7BA60532DA04}"
EndProject
Project("{FAE04EC0-301F-11D3-BF4B-00C04F79EFBC}") = "Bai22ObservableCollection", "Bai22ObservableCollection\Bai22ObservableCollection.csproj", "{3C257454-CF1A-47FD-A3D4-583EBB4E3D8F}"
EndProject
Project("{FAE04EC0-301F-11D3-BF4B-00C04F79EFBC}") = "Bai23Linq", "Bai23Linq\Bai23Linq.csproj", "{3E304D0E-BBD0-4CBE-9694-B0ABD98938B0}"
EndProject
Project("{FAE04EC0-301F-11D3-BF4B-00C04F79EFBC}") = "Bai24Multithreading", "Bai24Multithreading\Bai24Multithreading.csproj", "{174C95A2-9BDC-427A-A5BE-3BCD54015118}"
EndProject
Project("{FAE04EC0-301F-11D3-BF4B-00C04F79EFBC}") = "Bai25Type", "Bai25Type\Bai25Type.csproj", "{8248E4E3-D4D4-48C6-8914-16BE8BB88C94}"
EndProject
Project("{FAE04EC0-301F-11D3-BF4B-00C04F79EFBC}") = "Bai26Atribute", "Bai26Atribute\Bai26Atribute.csproj", "{8DF8319A-743B-4173-9093-2A095FE62147}"
EndProject
Project("{FAE04EC0-301F-11D3-BF4B-00C04F79EFBC}") = "Bai27DependencyThietKePM", "Bai27DependencyThietKePM\Bai27DependencyThietKePM.csproj", "{32D46AF0-F706-465B-89E7-1D0F6C66CB08}"
EndProject
Project("{FAE04EC0-301F-11D3-BF4B-00C04F79EFBC}") = "Bai28Networking", "Bai28Networking\Bai28Networking.csproj", "{10B71C94-BEDA-4C4C-BAF3-8846FE5D4993}"
EndProject
Project("{FAE04EC0-301F-11D3-BF4B-00C04F79EFBC}") = "Bai29ThuvienInjectdangkyService", "Bai29ThuvienInjectdangkyService\Bai29ThuvienInjectdangkyService.csproj", "{BB242987-1C3F-4196-A2E3-7E4FE9608273}"
EndProject
Project("{FAE04EC0-301F-11D3-BF4B-00C04F79EFBC}") = "Bai29ThuVienDependenceInject", "Bai29ThuVienDependenceInject\Bai29ThuVienDependenceInject.csproj", "{FEE9C15C-8A8C-4547-82C5-5FA093ECA141}"
EndProject
Project("{FAE04EC0-301F-11D3-BF4B-00C04F79EFBC}") = "Bai30DatientrinhParallel", "Bai30DatientrinhParallel\Bai30DatientrinhParallel.csproj", "{68C0468B-289C-499A-8BD8-9FD4E6B57E4C}"
EndProject
Project("{FAE04EC0-301F-11D3-BF4B-00C04F79EFBC}") = "Bai31TaoThuVien", "Bai31TaoThuVien\Bai31TaoThuVien.csproj", "{DB5EE67B-4FBE-417A-B473-4D976C8CBE33}"
EndProject
Project("{FAE04EC0-301F-11D3-BF4B-00C04F79EFBC}") = "Bai01Delegate", "Bai01Delegate\Bai01Delegate.csproj", "{CDCF6C5C-BA6C-4FB3-A698-480B8995BC43}"
EndProject
Project("{FAE04EC0-301F-11D3-BF4B-00C04F79EFBC}") = "Bai02LopClass", "Bai02LopClass\Bai02LopClass.csproj", "{A8827526-509F-4E04-A072-FB285B5A1BA4}"
EndProject
Project("{FAE04EC0-301F-11D3-BF4B-00C04F79EFBC}") = "Bai03KhongGianTen", "Bai03KhongGianTen\Bai03KhongGianTen.csproj", "{7A226541-52B2-46CC-99FA-CDB67D1D3728}"
EndProject
Project("{FAE04EC0-301F-11D3-BF4B-00C04F79EFBC}") = "Bai04ChiaFile", "Bai04ChiaFile\Bai04ChiaFile.csproj", "{A5ED6592-F719-47FA-AFE7-27BA3C2CA30F}"
EndProject
Project("{FAE04EC0-301F-11D3-BF4B-00C04F79EFBC}") = "Bai05LopLongNhau", "Bai05LopLongNhau\Bai05LopLongNhau.csproj", "{370A47F9-15AD-4D5A-BE37-08ABE95FD7C6}"
EndProject
Project("{FAE04EC0-301F-11D3-BF4B-00C04F79EFBC}") = "Bai06ThamChieuThamTri", "Bai06ThamChieuThamTri\Bai06ThamChieuThamTri.csproj", "{B79AA8BC-D92D-44BD-A60C-B014464DCB23}"
EndProject
Project("{FAE04EC0-301F-11D3-BF4B-00C04F79EFBC}") = "Bai08Lambda", "Bai08Lambda\Bai08Lambda.csproj", "{3F515778-EC8F-4C05-B519-8B62E464E1AE}"
EndProject
Project("{FAE04EC0-301F-11D3-BF4B-00C04F79EFBC}") = "Bai09Even", "Bai09Even\Bai09Even.csproj", "{1043E9D3-8AF7-40CF-9D5B-72F1CDA168B3}"
EndProject
Project("{FAE04EC0-301F-11D3-BF4B-00C04F79EFBC}") = "Bai10HamHuyAndOverloading", "Bai10HamHuyAndOverloading\Bai10HamHuyAndOverloading.csproj", "{825DEE5C-09C8-46F2-A54B-EDC0DA1A8D4A}"
EndProject
Project("{FAE04EC0-301F-11D3-BF4B-00C04F79EFBC}") = "Bai32NetworkHttpMessageHandler", "Bai32NetworkHttpMessageHandler\Bai32NetworkHttpMessageHandler.csproj", "{1F4D77D5-B62D-4913-A4F7-D5ABD1617ED6}"
EndProject
Project("{FAE04EC0-301F-11D3-BF4B-00C04F79EFBC}") = "Bai33NetworkHttplistener", "Bai33NetworkHttplistener\Bai33NetworkHttplistener.csproj", "{FFD12BFB-692C-4397-9868-03597B35BDDC}"
EndProject
Project("{FAE04EC0-301F-11D3-BF4B-00C04F79EFBC}") = "Bai34EntityFramework", "Bai34EntityFramework\Bai34EntityFramework.csproj", "{CC1F8073-05BF-4617-A495-21A3A99F8AC9}"
EndProject
Project("{FAE04EC0-301F-11D3-BF4B-00C04F79EFBC}") = "Bai35", "Bai35\Bai35.csproj", "{319D5BED-E893-4CD0-9B4D-5CA26463FBA5}"
EndProject
Global
	GlobalSection(SolutionConfigurationPlatforms) = preSolution
		Debug|Any CPU = Debug|Any CPU
		Release|Any CPU = Release|Any CPU
	EndGlobalSection
	GlobalSection(ProjectConfigurationPlatforms) = postSolution
		{37210D45-99CB-475B-BCAA-3FAA54A8DB83}.Debug|Any CPU.ActiveCfg = Debug|Any CPU
		{37210D45-99CB-475B-BCAA-3FAA54A8DB83}.Debug|Any CPU.Build.0 = Debug|Any CPU
		{37210D45-99CB-475B-BCAA-3FAA54A8DB83}.Release|Any CPU.ActiveCfg = Release|Any CPU
		{37210D45-99CB-475B-BCAA-3FAA54A8DB83}.Release|Any CPU.Build.0 = Release|Any CPU
		{15682602-CC77-4F57-AC43-8E9A72F3AB38}.Debug|Any CPU.ActiveCfg = Debug|Any CPU
		{15682602-CC77-4F57-AC43-8E9A72F3AB38}.Debug|Any CPU.Build.0 = Debug|Any CPU
		{15682602-CC77-4F57-AC43-8E9A72F3AB38}.Release|Any CPU.ActiveCfg = Release|Any CPU
		{15682602-CC77-4F57-AC43-8E9A72F3AB38}.Release|Any CPU.Build.0 = Release|Any CPU
		{0452AA2B-F143-4F80-9482-1B38AB8AC90A}.Debug|Any CPU.ActiveCfg = Debug|Any CPU
		{0452AA2B-F143-4F80-9482-1B38AB8AC90A}.Debug|Any CPU.Build.0 = Debug|Any CPU
		{0452AA2B-F143-4F80-9482-1B38AB8AC90A}.Release|Any CPU.ActiveCfg = Release|Any CPU
		{0452AA2B-F143-4F80-9482-1B38AB8AC90A}.Release|Any CPU.Build.0 = Release|Any CPU
		{90DFFC71-C8EF-4A8F-B143-32F912B35443}.Debug|Any CPU.ActiveCfg = Debug|Any CPU
		{90DFFC71-C8EF-4A8F-B143-32F912B35443}.Debug|Any CPU.Build.0 = Debug|Any CPU
		{90DFFC71-C8EF-4A8F-B143-32F912B35443}.Release|Any CPU.ActiveCfg = Release|Any CPU
		{90DFFC71-C8EF-4A8F-B143-32F912B35443}.Release|Any CPU.Build.0 = Release|Any CPU
		{A2144A64-A8AB-470F-A497-5A301FC79715}.Debug|Any CPU.ActiveCfg = Debug|Any CPU
		{A2144A64-A8AB-470F-A497-5A301FC79715}.Debug|Any CPU.Build.0 = Debug|Any CPU
		{A2144A64-A8AB-470F-A497-5A301FC79715}.Release|Any CPU.ActiveCfg = Release|Any CPU
		{A2144A64-A8AB-470F-A497-5A301FC79715}.Release|Any CPU.Build.0 = Release|Any CPU
		{1D8ECBF8-2BD9-423D-9D3E-53673CBA7144}.Debug|Any CPU.ActiveCfg = Debug|Any CPU
		{1D8ECBF8-2BD9-423D-9D3E-53673CBA7144}.Debug|Any CPU.Build.0 = Debug|Any CPU
		{1D8ECBF8-2BD9-423D-9D3E-53673CBA7144}.Release|Any CPU.ActiveCfg = Release|Any CPU
		{1D8ECBF8-2BD9-423D-9D3E-53673CBA7144}.Release|Any CPU.Build.0 = Release|Any CPU
		{C94FAB1D-6559-49E4-B550-EDED7D1059EA}.Debug|Any CPU.ActiveCfg = Debug|Any CPU
		{C94FAB1D-6559-49E4-B550-EDED7D1059EA}.Debug|Any CPU.Build.0 = Debug|Any CPU
		{C94FAB1D-6559-49E4-B550-EDED7D1059EA}.Release|Any CPU.ActiveCfg = Release|Any CPU
		{C94FAB1D-6559-49E4-B550-EDED7D1059EA}.Release|Any CPU.Build.0 = Release|Any CPU
		{2B8D489A-B183-43AE-9526-7FF8E3B01539}.Debug|Any CPU.ActiveCfg = Debug|Any CPU
		{2B8D489A-B183-43AE-9526-7FF8E3B01539}.Debug|Any CPU.Build.0 = Debug|Any CPU
		{2B8D489A-B183-43AE-9526-7FF8E3B01539}.Release|Any CPU.ActiveCfg = Release|Any CPU
		{2B8D489A-B183-43AE-9526-7FF8E3B01539}.Release|Any CPU.Build.0 = Release|Any CPU
		{F459F2CC-25B2-463D-9C2F-4941925715D2}.Debug|Any CPU.ActiveCfg = Debug|Any CPU
		{F459F2CC-25B2-463D-9C2F-4941925715D2}.Debug|Any CPU.Build.0 = Debug|Any CPU
		{F459F2CC-25B2-463D-9C2F-4941925715D2}.Release|Any CPU.ActiveCfg = Release|Any CPU
		{F459F2CC-25B2-463D-9C2F-4941925715D2}.Release|Any CPU.Build.0 = Release|Any CPU
		{C91BF00A-46DA-4FAA-9D03-8658B107DD49}.Debug|Any CPU.ActiveCfg = Debug|Any CPU
		{C91BF00A-46DA-4FAA-9D03-8658B107DD49}.Debug|Any CPU.Build.0 = Debug|Any CPU
		{C91BF00A-46DA-4FAA-9D03-8658B107DD49}.Release|Any CPU.ActiveCfg = Release|Any CPU
		{C91BF00A-46DA-4FAA-9D03-8658B107DD49}.Release|Any CPU.Build.0 = Release|Any CPU
		{D831046F-DEE0-44C7-AFD7-2D2C9922931B}.Debug|Any CPU.ActiveCfg = Debug|Any CPU
		{D831046F-DEE0-44C7-AFD7-2D2C9922931B}.Debug|Any CPU.Build.0 = Debug|Any CPU
		{D831046F-DEE0-44C7-AFD7-2D2C9922931B}.Release|Any CPU.ActiveCfg = Release|Any CPU
		{D831046F-DEE0-44C7-AFD7-2D2C9922931B}.Release|Any CPU.Build.0 = Release|Any CPU
		{0E8CE9AB-6B9A-4A1A-ACF2-7BA60532DA04}.Debug|Any CPU.ActiveCfg = Debug|Any CPU
		{0E8CE9AB-6B9A-4A1A-ACF2-7BA60532DA04}.Debug|Any CPU.Build.0 = Debug|Any CPU
		{0E8CE9AB-6B9A-4A1A-ACF2-7BA60532DA04}.Release|Any CPU.ActiveCfg = Release|Any CPU
		{0E8CE9AB-6B9A-4A1A-ACF2-7BA60532DA04}.Release|Any CPU.Build.0 = Release|Any CPU
		{3C257454-CF1A-47FD-A3D4-583EBB4E3D8F}.Debug|Any CPU.ActiveCfg = Debug|Any CPU
		{3C257454-CF1A-47FD-A3D4-583EBB4E3D8F}.Debug|Any CPU.Build.0 = Debug|Any CPU
		{3C257454-CF1A-47FD-A3D4-583EBB4E3D8F}.Release|Any CPU.ActiveCfg = Release|Any CPU
		{3C257454-CF1A-47FD-A3D4-583EBB4E3D8F}.Release|Any CPU.Build.0 = Release|Any CPU
		{3E304D0E-BBD0-4CBE-9694-B0ABD98938B0}.Debug|Any CPU.ActiveCfg = Debug|Any CPU
		{3E304D0E-BBD0-4CBE-9694-B0ABD98938B0}.Debug|Any CPU.Build.0 = Debug|Any CPU
		{3E304D0E-BBD0-4CBE-9694-B0ABD98938B0}.Release|Any CPU.ActiveCfg = Release|Any CPU
		{3E304D0E-BBD0-4CBE-9694-B0ABD98938B0}.Release|Any CPU.Build.0 = Release|Any CPU
		{174C95A2-9BDC-427A-A5BE-3BCD54015118}.Debug|Any CPU.ActiveCfg = Debug|Any CPU
		{174C95A2-9BDC-427A-A5BE-3BCD54015118}.Debug|Any CPU.Build.0 = Debug|Any CPU
		{174C95A2-9BDC-427A-A5BE-3BCD54015118}.Release|Any CPU.ActiveCfg = Release|Any CPU
		{174C95A2-9BDC-427A-A5BE-3BCD54015118}.Release|Any CPU.Build.0 = Release|Any CPU
		{8248E4E3-D4D4-48C6-8914-16BE8BB88C94}.Debug|Any CPU.ActiveCfg = Debug|Any CPU
		{8248E4E3-D4D4-48C6-8914-16BE8BB88C94}.Debug|Any CPU.Build.0 = Debug|Any CPU
		{8248E4E3-D4D4-48C6-8914-16BE8BB88C94}.Release|Any CPU.ActiveCfg = Release|Any CPU
		{8248E4E3-D4D4-48C6-8914-16BE8BB88C94}.Release|Any CPU.Build.0 = Release|Any CPU
		{8DF8319A-743B-4173-9093-2A095FE62147}.Debug|Any CPU.ActiveCfg = Debug|Any CPU
		{8DF8319A-743B-4173-9093-2A095FE62147}.Debug|Any CPU.Build.0 = Debug|Any CPU
		{8DF8319A-743B-4173-9093-2A095FE62147}.Release|Any CPU.ActiveCfg = Release|Any CPU
		{8DF8319A-743B-4173-9093-2A095FE62147}.Release|Any CPU.Build.0 = Release|Any CPU
		{32D46AF0-F706-465B-89E7-1D0F6C66CB08}.Debug|Any CPU.ActiveCfg = Debug|Any CPU
		{32D46AF0-F706-465B-89E7-1D0F6C66CB08}.Debug|Any CPU.Build.0 = Debug|Any CPU
		{32D46AF0-F706-465B-89E7-1D0F6C66CB08}.Release|Any CPU.ActiveCfg = Release|Any CPU
		{32D46AF0-F706-465B-89E7-1D0F6C66CB08}.Release|Any CPU.Build.0 = Release|Any CPU
		{10B71C94-BEDA-4C4C-BAF3-8846FE5D4993}.Debug|Any CPU.ActiveCfg = Debug|Any CPU
		{10B71C94-BEDA-4C4C-BAF3-8846FE5D4993}.Debug|Any CPU.Build.0 = Debug|Any CPU
		{10B71C94-BEDA-4C4C-BAF3-8846FE5D4993}.Release|Any CPU.ActiveCfg = Release|Any CPU
		{10B71C94-BEDA-4C4C-BAF3-8846FE5D4993}.Release|Any CPU.Build.0 = Release|Any CPU
		{BB242987-1C3F-4196-A2E3-7E4FE9608273}.Debug|Any CPU.ActiveCfg = Debug|Any CPU
		{BB242987-1C3F-4196-A2E3-7E4FE9608273}.Debug|Any CPU.Build.0 = Debug|Any CPU
		{BB242987-1C3F-4196-A2E3-7E4FE9608273}.Release|Any CPU.ActiveCfg = Release|Any CPU
		{BB242987-1C3F-4196-A2E3-7E4FE9608273}.Release|Any CPU.Build.0 = Release|Any CPU
		{FEE9C15C-8A8C-4547-82C5-5FA093ECA141}.Debug|Any CPU.ActiveCfg = Debug|Any CPU
		{FEE9C15C-8A8C-4547-82C5-5FA093ECA141}.Debug|Any CPU.Build.0 = Debug|Any CPU
		{FEE9C15C-8A8C-4547-82C5-5FA093ECA141}.Release|Any CPU.ActiveCfg = Release|Any CPU
		{FEE9C15C-8A8C-4547-82C5-5FA093ECA141}.Release|Any CPU.Build.0 = Release|Any CPU
		{68C0468B-289C-499A-8BD8-9FD4E6B57E4C}.Debug|Any CPU.ActiveCfg = Debug|Any CPU
		{68C0468B-289C-499A-8BD8-9FD4E6B57E4C}.Debug|Any CPU.Build.0 = Debug|Any CPU
		{68C0468B-289C-499A-8BD8-9FD4E6B57E4C}.Release|Any CPU.ActiveCfg = Release|Any CPU
		{68C0468B-289C-499A-8BD8-9FD4E6B57E4C}.Release|Any CPU.Build.0 = Release|Any CPU
		{DB5EE67B-4FBE-417A-B473-4D976C8CBE33}.Debug|Any CPU.ActiveCfg = Debug|Any CPU
		{DB5EE67B-4FBE-417A-B473-4D976C8CBE33}.Debug|Any CPU.Build.0 = Debug|Any CPU
		{DB5EE67B-4FBE-417A-B473-4D976C8CBE33}.Release|Any CPU.ActiveCfg = Release|Any CPU
		{DB5EE67B-4FBE-417A-B473-4D976C8CBE33}.Release|Any CPU.Build.0 = Release|Any CPU
		{CDCF6C5C-BA6C-4FB3-A698-480B8995BC43}.Debug|Any CPU.ActiveCfg = Debug|Any CPU
		{CDCF6C5C-BA6C-4FB3-A698-480B8995BC43}.Debug|Any CPU.Build.0 = Debug|Any CPU
		{CDCF6C5C-BA6C-4FB3-A698-480B8995BC43}.Release|Any CPU.ActiveCfg = Release|Any CPU
		{CDCF6C5C-BA6C-4FB3-A698-480B8995BC43}.Release|Any CPU.Build.0 = Release|Any CPU
		{A8827526-509F-4E04-A072-FB285B5A1BA4}.Debug|Any CPU.ActiveCfg = Debug|Any CPU
		{A8827526-509F-4E04-A072-FB285B5A1BA4}.Debug|Any CPU.Build.0 = Debug|Any CPU
		{A8827526-509F-4E04-A072-FB285B5A1BA4}.Release|Any CPU.ActiveCfg = Release|Any CPU
		{A8827526-509F-4E04-A072-FB285B5A1BA4}.Release|Any CPU.Build.0 = Release|Any CPU
		{7A226541-52B2-46CC-99FA-CDB67D1D3728}.Debug|Any CPU.ActiveCfg = Debug|Any CPU
		{7A226541-52B2-46CC-99FA-CDB67D1D3728}.Debug|Any CPU.Build.0 = Debug|Any CPU
		{7A226541-52B2-46CC-99FA-CDB67D1D3728}.Release|Any CPU.ActiveCfg = Release|Any CPU
		{7A226541-52B2-46CC-99FA-CDB67D1D3728}.Release|Any CPU.Build.0 = Release|Any CPU
		{A5ED6592-F719-47FA-AFE7-27BA3C2CA30F}.Debug|Any CPU.ActiveCfg = Debug|Any CPU
		{A5ED6592-F719-47FA-AFE7-27BA3C2CA30F}.Debug|Any CPU.Build.0 = Debug|Any CPU
		{A5ED6592-F719-47FA-AFE7-27BA3C2CA30F}.Release|Any CPU.ActiveCfg = Release|Any CPU
		{A5ED6592-F719-47FA-AFE7-27BA3C2CA30F}.Release|Any CPU.Build.0 = Release|Any CPU
		{370A47F9-15AD-4D5A-BE37-08ABE95FD7C6}.Debug|Any CPU.ActiveCfg = Debug|Any CPU
		{370A47F9-15AD-4D5A-BE37-08ABE95FD7C6}.Debug|Any CPU.Build.0 = Debug|Any CPU
		{370A47F9-15AD-4D5A-BE37-08ABE95FD7C6}.Release|Any CPU.ActiveCfg = Release|Any CPU
		{370A47F9-15AD-4D5A-BE37-08ABE95FD7C6}.Release|Any CPU.Build.0 = Release|Any CPU
		{B79AA8BC-D92D-44BD-A60C-B014464DCB23}.Debug|Any CPU.ActiveCfg = Debug|Any CPU
		{B79AA8BC-D92D-44BD-A60C-B014464DCB23}.Debug|Any CPU.Build.0 = Debug|Any CPU
		{B79AA8BC-D92D-44BD-A60C-B014464DCB23}.Release|Any CPU.ActiveCfg = Release|Any CPU
		{B79AA8BC-D92D-44BD-A60C-B014464DCB23}.Release|Any CPU.Build.0 = Release|Any CPU
		{3F515778-EC8F-4C05-B519-8B62E464E1AE}.Debug|Any CPU.ActiveCfg = Debug|Any CPU
		{3F515778-EC8F-4C05-B519-8B62E464E1AE}.Debug|Any CPU.Build.0 = Debug|Any CPU
		{3F515778-EC8F-4C05-B519-8B62E464E1AE}.Release|Any CPU.ActiveCfg = Release|Any CPU
		{3F515778-EC8F-4C05-B519-8B62E464E1AE}.Release|Any CPU.Build.0 = Release|Any CPU
		{1043E9D3-8AF7-40CF-9D5B-72F1CDA168B3}.Debug|Any CPU.ActiveCfg = Debug|Any CPU
		{1043E9D3-8AF7-40CF-9D5B-72F1CDA168B3}.Debug|Any CPU.Build.0 = Debug|Any CPU
		{1043E9D3-8AF7-40CF-9D5B-72F1CDA168B3}.Release|Any CPU.ActiveCfg = Release|Any CPU
		{1043E9D3-8AF7-40CF-9D5B-72F1CDA168B3}.Release|Any CPU.Build.0 = Release|Any CPU
		{825DEE5C-09C8-46F2-A54B-EDC0DA1A8D4A}.Debug|Any CPU.ActiveCfg = Debug|Any CPU
		{825DEE5C-09C8-46F2-A54B-EDC0DA1A8D4A}.Debug|Any CPU.Build.0 = Debug|Any CPU
		{825DEE5C-09C8-46F2-A54B-EDC0DA1A8D4A}.Release|Any CPU.ActiveCfg = Release|Any CPU
		{825DEE5C-09C8-46F2-A54B-EDC0DA1A8D4A}.Release|Any CPU.Build.0 = Release|Any CPU
		{1F4D77D5-B62D-4913-A4F7-D5ABD1617ED6}.Debug|Any CPU.ActiveCfg = Debug|Any CPU
		{1F4D77D5-B62D-4913-A4F7-D5ABD1617ED6}.Debug|Any CPU.Build.0 = Debug|Any CPU
		{1F4D77D5-B62D-4913-A4F7-D5ABD1617ED6}.Release|Any CPU.ActiveCfg = Release|Any CPU
		{1F4D77D5-B62D-4913-A4F7-D5ABD1617ED6}.Release|Any CPU.Build.0 = Release|Any CPU
		{FFD12BFB-692C-4397-9868-03597B35BDDC}.Debug|Any CPU.ActiveCfg = Debug|Any CPU
		{FFD12BFB-692C-4397-9868-03597B35BDDC}.Debug|Any CPU.Build.0 = Debug|Any CPU
		{FFD12BFB-692C-4397-9868-03597B35BDDC}.Release|Any CPU.ActiveCfg = Release|Any CPU
		{FFD12BFB-692C-4397-9868-03597B35BDDC}.Release|Any CPU.Build.0 = Release|Any CPU
		{CC1F8073-05BF-4617-A495-21A3A99F8AC9}.Debug|Any CPU.ActiveCfg = Debug|Any CPU
		{CC1F8073-05BF-4617-A495-21A3A99F8AC9}.Debug|Any CPU.Build.0 = Debug|Any CPU
		{CC1F8073-05BF-4617-A495-21A3A99F8AC9}.Release|Any CPU.ActiveCfg = Release|Any CPU
		{CC1F8073-05BF-4617-A495-21A3A99F8AC9}.Release|Any CPU.Build.0 = Release|Any CPU
		{319D5BED-E893-4CD0-9B4D-5CA26463FBA5}.Debug|Any CPU.ActiveCfg = Debug|Any CPU
		{319D5BED-E893-4CD0-9B4D-5CA26463FBA5}.Debug|Any CPU.Build.0 = Debug|Any CPU
		{319D5BED-E893-4CD0-9B4D-5CA26463FBA5}.Release|Any CPU.ActiveCfg = Release|Any CPU
		{319D5BED-E893-4CD0-9B4D-5CA26463FBA5}.Release|Any CPU.Build.0 = Release|Any CPU
	EndGlobalSection
	GlobalSection(SolutionProperties) = preSolution
		HideSolutionNode = FALSE
	EndGlobalSection
	GlobalSection(ExtensibilityGlobals) = postSolution
		SolutionGuid = {5546E628-7A47-46E3-B43F-B494A14F0AA3}
	EndGlobalSection
EndGlobal
